
Microsoft Visual Studio Solution File, Format Version 12.00
# Visual Studio Version 17
VisualStudioVersion = 17.2.32616.157
MinimumVisualStudioVersion = 10.0.40219.1
Project("{9A19103F-16F7-4668-BE54-9A1E7A4F7556}") = "FranciscoEntrega0.2", "FranciscoEntrega0.2.csproj", "{593AD738-D346-4B11-878E-473A9821E9B5}"
EndProject
Global
	GlobalSection(SolutionConfigurationPlatforms) = preSolution
		Debug|Any CPU = Debug|Any CPU
		Release|Any CPU = Release|Any CPU
	EndGlobalSection
	GlobalSection(ProjectConfigurationPlatforms) = postSolution
		{593AD738-D346-4B11-878E-473A9821E9B5}.Debug|Any CPU.ActiveCfg = Debug|Any CPU
		{593AD738-D346-4B11-878E-473A9821E9B5}.Debug|Any CPU.Build.0 = Debug|Any CPU
		{593AD738-D346-4B11-878E-473A9821E9B5}.Release|Any CPU.ActiveCfg = Release|Any CPU
		{593AD738-D346-4B11-878E-473A9821E9B5}.Release|Any CPU.Build.0 = Release|Any CPU
	EndGlobalSection
	GlobalSection(SolutionProperties) = preSolution
		HideSolutionNode = FALSE
	EndGlobalSection
	GlobalSection(ExtensibilityGlobals) = postSolution
		SolutionGuid = {D5854F35-5041-4785-8681-EE14CF10A5B3}
	EndGlobalSection
EndGlobal
